
Microsoft Visual Studio Solution File, Format Version 12.00
# Visual Studio Version 16
VisualStudioVersion = 16.0.32802.440
MinimumVisualStudioVersion = 10.0.40219.1
Project("{9A19103F-16F7-4668-BE54-9A1E7A4F7556}") = "DataAccessLayer", "DataAccessLayer\DataAccessLayer.csproj", "{F307283C-126B-4706-BCF7-EC736E156B99}"
EndProject
Project("{9A19103F-16F7-4668-BE54-9A1E7A4F7556}") = "BusinessLogicLayer", "BusinessLogicLayer\BusinessLogicLayer.csproj", "{5B39857E-394B-475E-82A9-ADA88686EDD2}"
EndProject
Project("{9A19103F-16F7-4668-BE54-9A1E7A4F7556}") = "Entities", "Entities\Entities.csproj", "{FAB9B1BA-44AE-4DB0-A6D0-770D8A0405B8}"
EndProject
Project("{9A19103F-16F7-4668-BE54-9A1E7A4F7556}") = "ConsoleUI", "ConsoleUI\ConsoleUI.csproj", "{C71ABF8C-87BD-4A2F-9DF6-ED05ABED55B3}"
EndProject
Project("{9A19103F-16F7-4668-BE54-9A1E7A4F7556}") = "Core", "Core\Core.csproj", "{BB9F79C4-326E-4BBA-9806-55DCBFC8850E}"
EndProject
Project("{FAE04EC0-301F-11D3-BF4B-00C04F79EFBC}") = "WebAPI", "WebAPI\WebAPI.csproj", "{F8F1851C-FE1B-4F25-ACB0-DC7D9EBBA68A}"
EndProject
Global
	GlobalSection(SolutionConfigurationPlatforms) = preSolution
		Debug|Any CPU = Debug|Any CPU
		Release|Any CPU = Release|Any CPU
	EndGlobalSection
	GlobalSection(ProjectConfigurationPlatforms) = postSolution
		{F307283C-126B-4706-BCF7-EC736E156B99}.Debug|Any CPU.ActiveCfg = Debug|Any CPU
		{F307283C-126B-4706-BCF7-EC736E156B99}.Debug|Any CPU.Build.0 = Debug|Any CPU
		{F307283C-126B-4706-BCF7-EC736E156B99}.Release|Any CPU.ActiveCfg = Release|Any CPU
		{F307283C-126B-4706-BCF7-EC736E156B99}.Release|Any CPU.Build.0 = Release|Any CPU
		{5B39857E-394B-475E-82A9-ADA88686EDD2}.Debug|Any CPU.ActiveCfg = Debug|Any CPU
		{5B39857E-394B-475E-82A9-ADA88686EDD2}.Debug|Any CPU.Build.0 = Debug|Any CPU
		{5B39857E-394B-475E-82A9-ADA88686EDD2}.Release|Any CPU.ActiveCfg = Release|Any CPU
		{5B39857E-394B-475E-82A9-ADA88686EDD2}.Release|Any CPU.Build.0 = Release|Any CPU
		{FAB9B1BA-44AE-4DB0-A6D0-770D8A0405B8}.Debug|Any CPU.ActiveCfg = Debug|Any CPU
		{FAB9B1BA-44AE-4DB0-A6D0-770D8A0405B8}.Debug|Any CPU.Build.0 = Debug|Any CPU
		{FAB9B1BA-44AE-4DB0-A6D0-770D8A0405B8}.Release|Any CPU.ActiveCfg = Release|Any CPU
		{FAB9B1BA-44AE-4DB0-A6D0-770D8A0405B8}.Release|Any CPU.Build.0 = Release|Any CPU
		{C71ABF8C-87BD-4A2F-9DF6-ED05ABED55B3}.Debug|Any CPU.ActiveCfg = Debug|Any CPU
		{C71ABF8C-87BD-4A2F-9DF6-ED05ABED55B3}.Debug|Any CPU.Build.0 = Debug|Any CPU
		{C71ABF8C-87BD-4A2F-9DF6-ED05ABED55B3}.Release|Any CPU.ActiveCfg = Release|Any CPU
		{C71ABF8C-87BD-4A2F-9DF6-ED05ABED55B3}.Release|Any CPU.Build.0 = Release|Any CPU
		{BB9F79C4-326E-4BBA-9806-55DCBFC8850E}.Debug|Any CPU.ActiveCfg = Debug|Any CPU
		{BB9F79C4-326E-4BBA-9806-55DCBFC8850E}.Debug|Any CPU.Build.0 = Debug|Any CPU
		{BB9F79C4-326E-4BBA-9806-55DCBFC8850E}.Release|Any CPU.ActiveCfg = Release|Any CPU
		{BB9F79C4-326E-4BBA-9806-55DCBFC8850E}.Release|Any CPU.Build.0 = Release|Any CPU
		{F8F1851C-FE1B-4F25-ACB0-DC7D9EBBA68A}.Debug|Any CPU.ActiveCfg = Debug|Any CPU
		{F8F1851C-FE1B-4F25-ACB0-DC7D9EBBA68A}.Debug|Any CPU.Build.0 = Debug|Any CPU
		{F8F1851C-FE1B-4F25-ACB0-DC7D9EBBA68A}.Release|Any CPU.ActiveCfg = Release|Any CPU
		{F8F1851C-FE1B-4F25-ACB0-DC7D9EBBA68A}.Release|Any CPU.Build.0 = Release|Any CPU
	EndGlobalSection
	GlobalSection(SolutionProperties) = preSolution
		HideSolutionNode = FALSE
	EndGlobalSection
	GlobalSection(ExtensibilityGlobals) = postSolution
		SolutionGuid = {E57302D2-FB53-4844-A8D0-AC9E5BAE736E}
	EndGlobalSection
EndGlobal
